
Microsoft Visual Studio Solution File, Format Version 12.00
# Visual Studio Version 17
VisualStudioVersion = 17.2.32526.322
MinimumVisualStudioVersion = 10.0.40219.1
Project("{FAE04EC0-301F-11D3-BF4B-00C04F79EFBC}") = "23 июня", "23 июня.csproj", "{61AD4391-48B3-430B-9F10-6B7502F90AF6}"
EndProject
Global
	GlobalSection(SolutionConfigurationPlatforms) = preSolution
		Debug|Any CPU = Debug|Any CPU
		Release|Any CPU = Release|Any CPU
	EndGlobalSection
	GlobalSection(ProjectConfigurationPlatforms) = postSolution
		{61AD4391-48B3-430B-9F10-6B7502F90AF6}.Debug|Any CPU.ActiveCfg = Debug|Any CPU
		{61AD4391-48B3-430B-9F10-6B7502F90AF6}.Debug|Any CPU.Build.0 = Debug|Any CPU
		{61AD4391-48B3-430B-9F10-6B7502F90AF6}.Release|Any CPU.ActiveCfg = Release|Any CPU
		{61AD4391-48B3-430B-9F10-6B7502F90AF6}.Release|Any CPU.Build.0 = Release|Any CPU
	EndGlobalSection
	GlobalSection(SolutionProperties) = preSolution
		HideSolutionNode = FALSE
	EndGlobalSection
	GlobalSection(ExtensibilityGlobals) = postSolution
		SolutionGuid = {727EA499-5873-4C1B-92D6-E674AE869320}
	EndGlobalSection
EndGlobal
